
Microsoft Visual Studio Solution File, Format Version 12.00
# Visual Studio Version 17
VisualStudioVersion = 17.4.33213.308
MinimumVisualStudioVersion = 10.0.40219.1
Project("{FAE04EC0-301F-11D3-BF4B-00C04F79EFBC}") = "pro1", "pro1.csproj", "{D1EE6B69-F91E-43B4-9BE4-BA032C32E3A4}"
EndProject
Global
	GlobalSection(SolutionConfigurationPlatforms) = preSolution
		Debug|Any CPU = Debug|Any CPU
		Release|Any CPU = Release|Any CPU
	EndGlobalSection
	GlobalSection(ProjectConfigurationPlatforms) = postSolution
		{D1EE6B69-F91E-43B4-9BE4-BA032C32E3A4}.Debug|Any CPU.ActiveCfg = Debug|Any CPU
		{D1EE6B69-F91E-43B4-9BE4-BA032C32E3A4}.Debug|Any CPU.Build.0 = Debug|Any CPU
		{D1EE6B69-F91E-43B4-9BE4-BA032C32E3A4}.Release|Any CPU.ActiveCfg = Release|Any CPU
		{D1EE6B69-F91E-43B4-9BE4-BA032C32E3A4}.Release|Any CPU.Build.0 = Release|Any CPU
	EndGlobalSection
	GlobalSection(SolutionProperties) = preSolution
		HideSolutionNode = FALSE
	EndGlobalSection
	GlobalSection(ExtensibilityGlobals) = postSolution
		SolutionGuid = {164F3E4F-DFC4-4A06-B0FC-DD9A43057D80}
	EndGlobalSection
EndGlobal
